
Microsoft Visual Studio Solution File, Format Version 12.00
# Visual Studio 15
VisualStudioVersion = 15.0.27703.2018
MinimumVisualStudioVersion = 10.0.40219.1
Project("{FAE04EC0-301F-11D3-BF4B-00C04F79EFBC}") = "NortwindUI", "NortwindCodeFirst\NortwindUI.csproj", "{39E89B36-C75D-46E0-9898-6699FED2BFE7}"
EndProject
Project("{FAE04EC0-301F-11D3-BF4B-00C04F79EFBC}") = "NortwindDAL", "NortwindDAL\NortwindDAL.csproj", "{9717EC76-9469-48CB-A4A8-3D5D0A475BD0}"
EndProject
Project("{FAE04EC0-301F-11D3-BF4B-00C04F79EFBC}") = "NorthwindBLL", "NorthwindBLL\NorthwindBLL.csproj", "{76CC0462-1C0D-4204-BB1B-CA4E23B2ED80}"
EndProject
Project("{FAE04EC0-301F-11D3-BF4B-00C04F79EFBC}") = "NorthwindEntitys", "NorthwindEntitys\NorthwindEntitys.csproj", "{CCB7D6FB-7859-4E0A-AB30-12EE29A38D03}"
EndProject
Project("{FAE04EC0-301F-11D3-BF4B-00C04F79EFBC}") = "Nortwind.WebUI", "..\..\..\..\..\..\..\WORK\NortwindCodeFirst\NortwindCodeFirst.WebUI\Nortwind.WebUI.csproj", "{F35324E0-881F-4463-ACA6-312473EEC5C3}"
EndProject
Global
	GlobalSection(SolutionConfigurationPlatforms) = preSolution
		Debug|Any CPU = Debug|Any CPU
		Release|Any CPU = Release|Any CPU
	EndGlobalSection
	GlobalSection(ProjectConfigurationPlatforms) = postSolution
		{39E89B36-C75D-46E0-9898-6699FED2BFE7}.Debug|Any CPU.ActiveCfg = Debug|Any CPU
		{39E89B36-C75D-46E0-9898-6699FED2BFE7}.Debug|Any CPU.Build.0 = Debug|Any CPU
		{39E89B36-C75D-46E0-9898-6699FED2BFE7}.Release|Any CPU.ActiveCfg = Release|Any CPU
		{39E89B36-C75D-46E0-9898-6699FED2BFE7}.Release|Any CPU.Build.0 = Release|Any CPU
		{9717EC76-9469-48CB-A4A8-3D5D0A475BD0}.Debug|Any CPU.ActiveCfg = Debug|Any CPU
		{9717EC76-9469-48CB-A4A8-3D5D0A475BD0}.Debug|Any CPU.Build.0 = Debug|Any CPU
		{9717EC76-9469-48CB-A4A8-3D5D0A475BD0}.Release|Any CPU.ActiveCfg = Release|Any CPU
		{9717EC76-9469-48CB-A4A8-3D5D0A475BD0}.Release|Any CPU.Build.0 = Release|Any CPU
		{76CC0462-1C0D-4204-BB1B-CA4E23B2ED80}.Debug|Any CPU.ActiveCfg = Debug|Any CPU
		{76CC0462-1C0D-4204-BB1B-CA4E23B2ED80}.Debug|Any CPU.Build.0 = Debug|Any CPU
		{76CC0462-1C0D-4204-BB1B-CA4E23B2ED80}.Release|Any CPU.ActiveCfg = Release|Any CPU
		{76CC0462-1C0D-4204-BB1B-CA4E23B2ED80}.Release|Any CPU.Build.0 = Release|Any CPU
		{CCB7D6FB-7859-4E0A-AB30-12EE29A38D03}.Debug|Any CPU.ActiveCfg = Debug|Any CPU
		{CCB7D6FB-7859-4E0A-AB30-12EE29A38D03}.Debug|Any CPU.Build.0 = Debug|Any CPU
		{CCB7D6FB-7859-4E0A-AB30-12EE29A38D03}.Release|Any CPU.ActiveCfg = Release|Any CPU
		{CCB7D6FB-7859-4E0A-AB30-12EE29A38D03}.Release|Any CPU.Build.0 = Release|Any CPU
		{F35324E0-881F-4463-ACA6-312473EEC5C3}.Debug|Any CPU.ActiveCfg = Debug|Any CPU
		{F35324E0-881F-4463-ACA6-312473EEC5C3}.Debug|Any CPU.Build.0 = Debug|Any CPU
		{F35324E0-881F-4463-ACA6-312473EEC5C3}.Release|Any CPU.ActiveCfg = Release|Any CPU
		{F35324E0-881F-4463-ACA6-312473EEC5C3}.Release|Any CPU.Build.0 = Release|Any CPU
	EndGlobalSection
	GlobalSection(SolutionProperties) = preSolution
		HideSolutionNode = FALSE
	EndGlobalSection
	GlobalSection(ExtensibilityGlobals) = postSolution
		SolutionGuid = {0D1AC41C-B50E-42D2-91E3-4EC5648F83CA}
	EndGlobalSection
EndGlobal
